
Microsoft Visual Studio Solution File, Format Version 12.00
# Visual Studio Version 16
VisualStudioVersion = 16.0.30320.27
MinimumVisualStudioVersion = 10.0.40219.1
Project("{FAE04EC0-301F-11D3-BF4B-00C04F79EFBC}") = "QuanLyHoSoCongChung", "QuanLyHoSoCongChung.csproj", "{A6DEFDB7-26CE-4E97-A321-824F55716A26}"
EndProject
Global
	GlobalSection(SolutionConfigurationPlatforms) = preSolution
		Debug|Any CPU = Debug|Any CPU
		Release|Any CPU = Release|Any CPU
	EndGlobalSection
	GlobalSection(ProjectConfigurationPlatforms) = postSolution
		{A6DEFDB7-26CE-4E97-A321-824F55716A26}.Debug|Any CPU.ActiveCfg = Debug|Any CPU
		{A6DEFDB7-26CE-4E97-A321-824F55716A26}.Debug|Any CPU.Build.0 = Debug|Any CPU
		{A6DEFDB7-26CE-4E97-A321-824F55716A26}.Release|Any CPU.ActiveCfg = Release|Any CPU
		{A6DEFDB7-26CE-4E97-A321-824F55716A26}.Release|Any CPU.Build.0 = Release|Any CPU
	EndGlobalSection
	GlobalSection(SolutionProperties) = preSolution
		HideSolutionNode = FALSE
	EndGlobalSection
	GlobalSection(ExtensibilityGlobals) = postSolution
		SolutionGuid = {AEB85181-4311-41E1-A773-65400DEBF6E7}
	EndGlobalSection
EndGlobal
